// !$*UTF8*$!
{
	archiveVersion = 1;
	classes = {
	};
	objectVersion = 77;
	objects = {

/* Begin PBXBuildFile section */
		0147618C04B408646FE8B002 /* OnboardingFlow.swift in Sources */ = {isa = PBXBuildFile; fileRef = A9A4AE75A5AFB2BA7C8ADD1B /* OnboardingFlow.swift */; };
		017C48847AC64564E6D109D2 /* SharedStore.swift in Sources */ = {isa = PBXBuildFile; fileRef = 2471AD5A6E8DE6CEE5D70D32 /* SharedStore.swift */; };
		0914362EC86DDA6C17AA0F66 /* Provider.swift in Sources */ = {isa = PBXBuildFile; fileRef = B89C1BE09F171A0F22AB1844 /* Provider.swift */; };
		0A75E875E8E6A179CD8616C0 /* TableScreen.swift in Sources */ = {isa = PBXBuildFile; fileRef = F52CCA3AA2B3CEF44658D0E7 /* TableScreen.swift */; };
		0A7E890E99BFFEDCDF5757AD /* TableModel.swift in Sources */ = {isa = PBXBuildFile; fileRef = 4063BAA9C5D57F576E8DD60F /* TableModel.swift */; };
		0AE82DC3504DB93EB5120898 /* SharedStore.swift in Sources */ = {isa = PBXBuildFile; fileRef = 2471AD5A6E8DE6CEE5D70D32 /* SharedStore.swift */; };
		0F87F286D2BED35EFBFBDA03 /* WidgetGalleryTests.swift in Sources */ = {isa = PBXBuildFile; fileRef = 9CBCF51DCAFD694FB1B61188 /* WidgetGalleryTests.swift */; };
		1025823AC947DAFAA8EB6D90 /* ScheduleSheet.swift in Sources */ = {isa = PBXBuildFile; fileRef = 60A20BC655D7268DF630C5F9 /* ScheduleSheet.swift */; };
		10A61DE5FBC38BB6FA0CF69E /* AppSheet.swift in Sources */ = {isa = PBXBuildFile; fileRef = 420E01B498ED8C8F902BAD71 /* AppSheet.swift */; };
		14134E1BBB1ED6C80255E24C /* TeamCard.swift in Sources */ = {isa = PBXBuildFile; fileRef = 4ABC780799B00D4A3DB77AEB /* TeamCard.swift */; };
		18B7F91FFC7B21A21F14144E /* Loadable.swift in Sources */ = {isa = PBXBuildFile; fileRef = FCBB24BEBDB41C7D934EAF35 /* Loadable.swift */; };
		19ED2F5DA1765C824DABB283 /* FrontrowWidgets.appex in Embed Foundation Extensions */ = {isa = PBXBuildFile; fileRef = 98A070E367E34435AEA9CE79 /* FrontrowWidgets.appex */; settings = {ATTRIBUTES = (RemoveHeadersOnCopy, ); }; };
		1DA7E6F19A067BCBE61EBE44 /* Prefetch.swift in Sources */ = {isa = PBXBuildFile; fileRef = 7F2F5327EC1E606F167307BE /* Prefetch.swift */; };
		23697E9B741C75593CA8444D /* Assets.xcassets in Resources */ = {isa = PBXBuildFile; fileRef = 986D896A6050DA833F87C1E6 /* Assets.xcassets */; };
		26E0D84776EB14CF5CDF7C5D /* HomeWidgets.swift in Sources */ = {isa = PBXBuildFile; fileRef = 5EE6CE0E6D17A2964C7A248E /* HomeWidgets.swift */; };
		27663E4FCC4E187D6E917972 /* Prefetch.swift in Sources */ = {isa = PBXBuildFile; fileRef = 7F2F5327EC1E606F167307BE /* Prefetch.swift */; };
		285EB70C436BEF87AFD7B167 /* Theme.swift in Sources */ = {isa = PBXBuildFile; fileRef = 40CB83E178EFC1D18C739373 /* Theme.swift */; };
		2A4BE85CBA748ACA163E57C9 /* Rows.swift in Sources */ = {isa = PBXBuildFile; fileRef = 4FBDC4215EBB25A73C9375D8 /* Rows.swift */; };
		30403A6E51826315A27C9AA2 /* APIClient.swift in Sources */ = {isa = PBXBuildFile; fileRef = EE5B86A985275D6F7736E974 /* APIClient.swift */; };
		307C66254BAFFA41C75E9F77 /* ScoresModel.swift in Sources */ = {isa = PBXBuildFile; fileRef = E3D8C31CA392360202D11AD8 /* ScoresModel.swift */; };
		30FD24F767F6CD97E32A67B2 /* Preferences.swift in Sources */ = {isa = PBXBuildFile; fileRef = 5A3CDF8212FBD86ED97A1D30 /* Preferences.swift */; };
		32E26D10DBE70218FAC58BF8 /* WeekWindow.swift in Sources */ = {isa = PBXBuildFile; fileRef = F0E7EE61DCC51B4DF267FBC6 /* WeekWindow.swift */; };
		38732A435974C373815F15C0 /* PlayersModel.swift in Sources */ = {isa = PBXBuildFile; fileRef = 2E67BD6243658AD826E129BD /* PlayersModel.swift */; };
		3953249CB640BC9680225219 /* TeamsScreen.swift in Sources */ = {isa = PBXBuildFile; fileRef = 5E6C00B8B9C95A21F8AF8601 /* TeamsScreen.swift */; };
		3954AD75FB28616104706DDA /* TeamStats.swift in Sources */ = {isa = PBXBuildFile; fileRef = EE70839B14BA405D31DEE1DD /* TeamStats.swift */; };
		3D17E1A9CF8F2DCE08EE85A0 /* Models.swift in Sources */ = {isa = PBXBuildFile; fileRef = 3F143133B4A35B31A08654FC /* Models.swift */; };
		3D82CFFD1790E11C981AF3F9 /* ShellTests.swift in Sources */ = {isa = PBXBuildFile; fileRef = B1DACC40DFE8AC31B99652AF /* ShellTests.swift */; };
		3D90B97C8E33C137CF338055 /* TeamCardView.swift in Sources */ = {isa = PBXBuildFile; fileRef = 02285A0D1036C1B070651EBD /* TeamCardView.swift */; };
		42182DBCD11B73751F4FF62D /* SeasonPanel.swift in Sources */ = {isa = PBXBuildFile; fileRef = 623891A7289863EF018CC1F8 /* SeasonPanel.swift */; };
		448AF00A5419C350CD966A8B /* PickerSteps.swift in Sources */ = {isa = PBXBuildFile; fileRef = ABF2ED8A62719C1A439AA4AF /* PickerSteps.swift */; };
		47C5FF67B8D72A2F5B3F9883 /* Models.swift in Sources */ = {isa = PBXBuildFile; fileRef = 3F143133B4A35B31A08654FC /* Models.swift */; };
		50A3701A55C79A1903622A98 /* ScoresScreen.swift in Sources */ = {isa = PBXBuildFile; fileRef = 4EF3EF628607C5EA5BBDA904 /* ScoresScreen.swift */; };
		5C917560AFED40BBA5466455 /* GoogleMark.swift in Sources */ = {isa = PBXBuildFile; fileRef = 68B56F46D1D032AAA9E62AFA /* GoogleMark.swift */; };
		5D6BC3878367A1DA7C5F5BCB /* Theme.swift in Sources */ = {isa = PBXBuildFile; fileRef = 40CB83E178EFC1D18C739373 /* Theme.swift */; };
		61662C0686939564573D4458 /* APIClient.swift in Sources */ = {isa = PBXBuildFile; fileRef = EE5B86A985275D6F7736E974 /* APIClient.swift */; };
		67D7A2F40CB492A08CD56473 /* WeekTests.swift in Sources */ = {isa = PBXBuildFile; fileRef = CB24D8EE32E50433CE129AF3 /* WeekTests.swift */; };
		6BB7754D9B45FF11741553F1 /* Standings.swift in Sources */ = {isa = PBXBuildFile; fileRef = CD8A61DD074219C79923AD0A /* Standings.swift */; };
		6BEEF32E4E1A201E92429608 /* TeamsModel.swift in Sources */ = {isa = PBXBuildFile; fileRef = 1AB7E6B890DA4058EA132D88 /* TeamsModel.swift */; };
		6F5DC211E1568ADC49907987 /* Playoffs.swift in Sources */ = {isa = PBXBuildFile; fileRef = 0E7DEF986CA8F4EF547D8F9A /* Playoffs.swift */; };
		741132A0735929C1CEF10349 /* WidgetPieces.swift in Sources */ = {isa = PBXBuildFile; fileRef = B378DFADBF35FBA533045F28 /* WidgetPieces.swift */; };
		7914F7E3FE8202010C99DF8F /* Player.swift in Sources */ = {isa = PBXBuildFile; fileRef = 6D2E766B906BC609DC6CAF97 /* Player.swift */; };
		7DCB078BE63EB40B4836E3AC /* SettingsScreen.swift in Sources */ = {isa = PBXBuildFile; fileRef = 46CCB3296CBF81AB2F4EB22E /* SettingsScreen.swift */; };
		7E724773F4207AEDE16A0750 /* Primitives.swift in Sources */ = {isa = PBXBuildFile; fileRef = 003A3DAD4F09EBC1112FF616 /* Primitives.swift */; };
		853143F3DCAE10AD77FB520D /* Supabase in Frameworks */ = {isa = PBXBuildFile; productRef = 1FCDE70EC97D07C3D83EC9BC /* Supabase */; };
		86714D74CCC73E0C9D803976 /* RootView.swift in Sources */ = {isa = PBXBuildFile; fileRef = 8A6AA021E3FCD7C4EDA5A5AA /* RootView.swift */; };
		89EB6D02121FD7EE14DF0F2E /* Assets.xcassets in Resources */ = {isa = PBXBuildFile; fileRef = 986D896A6050DA833F87C1E6 /* Assets.xcassets */; };
		8E16E31767270097C5CAC5A3 /* FrontrowWidgetBundle.swift in Sources */ = {isa = PBXBuildFile; fileRef = FF837CCF1C06D4880113727B /* FrontrowWidgetBundle.swift */; };
		8E8309591B360B7BC16310D5 /* StepGatingTests.swift in Sources */ = {isa = PBXBuildFile; fileRef = CC9F25E26E583E12547E916F /* StepGatingTests.swift */; };
		92A1B3826174F3B8106241EE /* LeagueMeta.swift in Sources */ = {isa = PBXBuildFile; fileRef = 44A0EEA27F858F26075BF03C /* LeagueMeta.swift */; };
		937550A23E52DD94ED0EB36F /* AccountTests.swift in Sources */ = {isa = PBXBuildFile; fileRef = 090AB71635D8EFB19B5EBF06 /* AccountTests.swift */; };
		97C7EF732D1EA9962E961BB4 /* GameCard.swift in Sources */ = {isa = PBXBuildFile; fileRef = C1FFDD0578C719265D7D8E54 /* GameCard.swift */; };
		9852E2E397163B3725B9395C /* Rows.swift in Sources */ = {isa = PBXBuildFile; fileRef = 4FBDC4215EBB25A73C9375D8 /* Rows.swift */; };
		98CEF72D63559D055BA073B8 /* WidgetGallery.swift in Sources */ = {isa = PBXBuildFile; fileRef = 8C8CFA8121B21F2FC3EF447F /* WidgetGallery.swift */; };
		9E981A3955EDC8FC606E7D8F /* Accent.swift in Sources */ = {isa = PBXBuildFile; fileRef = 59DBD7B88CCBA3085A3328DB /* Accent.swift */; };
		A87507CEC0AB68C42C325196 /* BracketSheet.swift in Sources */ = {isa = PBXBuildFile; fileRef = 05B3E4B280C231E60D661B5A /* BracketSheet.swift */; };
		A9079815B3009AB022643D12 /* OnboardingDone.swift in Sources */ = {isa = PBXBuildFile; fileRef = F34EDC1CCFE4EB73DF861243 /* OnboardingDone.swift */; };
		B33979AA6E31F38995BE1108 /* Player.swift in Sources */ = {isa = PBXBuildFile; fileRef = 6D2E766B906BC609DC6CAF97 /* Player.swift */; };
		BA876DB9C1DAE2AC2A2515DB /* Standings.swift in Sources */ = {isa = PBXBuildFile; fileRef = CD8A61DD074219C79923AD0A /* Standings.swift */; };
		BCD37529F31A579E32A43199 /* LockWidgets.swift in Sources */ = {isa = PBXBuildFile; fileRef = BD76B957EB9038FD85CA6773 /* LockWidgets.swift */; };
		BCE3C66C8B3E7B11E6F8F244 /* SignInSheet.swift in Sources */ = {isa = PBXBuildFile; fileRef = 113960625114D46CE7862AA7 /* SignInSheet.swift */; };
		C152A83DA9654BFCA89D8DCA /* PlayersScreen.swift in Sources */ = {isa = PBXBuildFile; fileRef = 7BECBC9CF8C2FE25829506A2 /* PlayersScreen.swift */; };
		C5543D2BD8E8C516022CFFB9 /* PlayerSheet.swift in Sources */ = {isa = PBXBuildFile; fileRef = D71D8A554B2BA94005CDA4A3 /* PlayerSheet.swift */; };
		C6AB387123725D5594ACC8EF /* LockWidgets.swift in Sources */ = {isa = PBXBuildFile; fileRef = BD76B957EB9038FD85CA6773 /* LockWidgets.swift */; };
		C8F34ED9BFC27D631382FEF2 /* WelcomeScreen.swift in Sources */ = {isa = PBXBuildFile; fileRef = 25EEFA3E84EFDA0A2C866594 /* WelcomeScreen.swift */; };
		CCB921644D6DB2C563F34787 /* DefaultLineup.swift in Sources */ = {isa = PBXBuildFile; fileRef = 59E4C9D750B2B2059F071A4D /* DefaultLineup.swift */; };
		D153385C60A029C9F3DD6D14 /* TeamStats.swift in Sources */ = {isa = PBXBuildFile; fileRef = EE70839B14BA405D31DEE1DD /* TeamStats.swift */; };
		D2B655B9A3FD916EC7014441 /* HomeWidgets.swift in Sources */ = {isa = PBXBuildFile; fileRef = 5EE6CE0E6D17A2964C7A248E /* HomeWidgets.swift */; };
		D710EDF9E10F793504DF58E6 /* Accent.swift in Sources */ = {isa = PBXBuildFile; fileRef = 59DBD7B88CCBA3085A3328DB /* Accent.swift */; };
		D719D4FB1BA98AFEF45CD9CD /* TabsTests.swift in Sources */ = {isa = PBXBuildFile; fileRef = D1C5EB83FE251174CEE412C9 /* TabsTests.swift */; };
		DA479CF0F1089CC933838377 /* TeamCard.swift in Sources */ = {isa = PBXBuildFile; fileRef = 4ABC780799B00D4A3DB77AEB /* TeamCard.swift */; };
		DB37127FB8D116BEEF3802FB /* DefaultLineup.swift in Sources */ = {isa = PBXBuildFile; fileRef = 59E4C9D750B2B2059F071A4D /* DefaultLineup.swift */; };
		DBAD5E5671E50409763AF6F8 /* WidgetPieces.swift in Sources */ = {isa = PBXBuildFile; fileRef = B378DFADBF35FBA533045F28 /* WidgetPieces.swift */; };
		E781AB429B5330AB932AA9B4 /* LeagueMeta.swift in Sources */ = {isa = PBXBuildFile; fileRef = 44A0EEA27F858F26075BF03C /* LeagueMeta.swift */; };
		E85E84ABDEE275E38036BEFD /* OnboardingSwipeTests.swift in Sources */ = {isa = PBXBuildFile; fileRef = 8AF3BD0B9F8D17BFAF22805F /* OnboardingSwipeTests.swift */; };
		E9C3053C3CA8F16C0441D7CF /* FrontrowApp.swift in Sources */ = {isa = PBXBuildFile; fileRef = CA1FE3321971E9DBD00BD262 /* FrontrowApp.swift */; };
		EC4856B68F541D48DDF224FF /* SupabaseConfig.swift in Sources */ = {isa = PBXBuildFile; fileRef = C534DACE529C5045C8D179F3 /* SupabaseConfig.swift */; };
		ECE2CEA27E817F79BA7EB2EF /* FavouritesTests.swift in Sources */ = {isa = PBXBuildFile; fileRef = D0BB715610A2586C7B449BF7 /* FavouritesTests.swift */; };
		EEC2C7F691FAF432A582A392 /* Playoffs.swift in Sources */ = {isa = PBXBuildFile; fileRef = 0E7DEF986CA8F4EF547D8F9A /* Playoffs.swift */; };
		EFF39F67621F4AEF17F4B2C0 /* WeekWindow.swift in Sources */ = {isa = PBXBuildFile; fileRef = F0E7EE61DCC51B4DF267FBC6 /* WeekWindow.swift */; };
		F527187B3A5B5038342FEEDF /* Account.swift in Sources */ = {isa = PBXBuildFile; fileRef = 60FD98764D83156C4E1CF958 /* Account.swift */; };
		F66D3E94A43D41BD7039CDD6 /* Provider.swift in Sources */ = {isa = PBXBuildFile; fileRef = B89C1BE09F171A0F22AB1844 /* Provider.swift */; };
		F79A5C8B5D8C73CDC4CABA30 /* LeagueEditingTests.swift in Sources */ = {isa = PBXBuildFile; fileRef = DE692A571AA48183C71CE267 /* LeagueEditingTests.swift */; };
		FA76BADEE4A4011C50C391CD /* Preferences.swift in Sources */ = {isa = PBXBuildFile; fileRef = 5A3CDF8212FBD86ED97A1D30 /* Preferences.swift */; };
		FD2D5ADEE0D93BE9D105576C /* Loadable.swift in Sources */ = {isa = PBXBuildFile; fileRef = FCBB24BEBDB41C7D934EAF35 /* Loadable.swift */; };
/* End PBXBuildFile section */

/* Begin PBXContainerItemProxy section */
		2D74E2ADB7288C56114CA07A /* PBXContainerItemProxy */ = {
			isa = PBXContainerItemProxy;
			containerPortal = 4944153659D091A1DBD0F34E /* Project object */;
			proxyType = 1;
			remoteGlobalIDString = 01481E51C597834ACDF49DAF;
			remoteInfo = Frontrow;
		};
		DDCCDE3081A490C17D9DB9C0 /* PBXContainerItemProxy */ = {
			isa = PBXContainerItemProxy;
			containerPortal = 4944153659D091A1DBD0F34E /* Project object */;
			proxyType = 1;
			remoteGlobalIDString = 483F40E00C1930073027E091;
			remoteInfo = FrontrowWidgets;
		};
/* End PBXContainerItemProxy section */

/* Begin PBXCopyFilesBuildPhase section */
		8362C70C023E8A681A55B21C /* Embed Foundation Extensions */ = {
			isa = PBXCopyFilesBuildPhase;
			buildActionMask = 2147483647;
			dstPath = "";
			dstSubfolderSpec = 13;
			files = (
				19ED2F5DA1765C824DABB283 /* FrontrowWidgets.appex in Embed Foundation Extensions */,
			);
			name = "Embed Foundation Extensions";
			runOnlyForDeploymentPostprocessing = 0;
		};
/* End PBXCopyFilesBuildPhase section */

/* Begin PBXFileReference section */
		003A3DAD4F09EBC1112FF616 /* Primitives.swift */ = {isa = PBXFileReference; lastKnownFileType = sourcecode.swift; path = Primitives.swift; sourceTree = "<group>"; };
		02285A0D1036C1B070651EBD /* TeamCardView.swift */ = {isa = PBXFileReference; lastKnownFileType = sourcecode.swift; path = TeamCardView.swift; sourceTree = "<group>"; };
		05B3E4B280C231E60D661B5A /* BracketSheet.swift */ = {isa = PBXFileReference; lastKnownFileType = sourcecode.swift; path = BracketSheet.swift; sourceTree = "<group>"; };
		090AB71635D8EFB19B5EBF06 /* AccountTests.swift */ = {isa = PBXFileReference; lastKnownFileType = sourcecode.swift; path = AccountTests.swift; sourceTree = "<group>"; };
		0E7DEF986CA8F4EF547D8F9A /* Playoffs.swift */ = {isa = PBXFileReference; lastKnownFileType = sourcecode.swift; path = Playoffs.swift; sourceTree = "<group>"; };
		113960625114D46CE7862AA7 /* SignInSheet.swift */ = {isa = PBXFileReference; lastKnownFileType = sourcecode.swift; path = SignInSheet.swift; sourceTree = "<group>"; };
		1AB7E6B890DA4058EA132D88 /* TeamsModel.swift */ = {isa = PBXFileReference; lastKnownFileType = sourcecode.swift; path = TeamsModel.swift; sourceTree = "<group>"; };
		1CBB1A131BE243E4281EFE99 /* Info.plist */ = {isa = PBXFileReference; lastKnownFileType = text.plist; path = Info.plist; sourceTree = "<group>"; };
		2471AD5A6E8DE6CEE5D70D32 /* SharedStore.swift */ = {isa = PBXFileReference; lastKnownFileType = sourcecode.swift; path = SharedStore.swift; sourceTree = "<group>"; };
		25E45CAF6261E7121C970DCF /* FrontrowWidgets.entitlements */ = {isa = PBXFileReference; lastKnownFileType = text.plist.entitlements; path = FrontrowWidgets.entitlements; sourceTree = "<group>"; };
		25EEFA3E84EFDA0A2C866594 /* WelcomeScreen.swift */ = {isa = PBXFileReference; lastKnownFileType = sourcecode.swift; path = WelcomeScreen.swift; sourceTree = "<group>"; };
		2D1A10223BE0784A2CFFF0EB /* Info.plist */ = {isa = PBXFileReference; lastKnownFileType = text.plist; path = Info.plist; sourceTree = "<group>"; };
		2E67BD6243658AD826E129BD /* PlayersModel.swift */ = {isa = PBXFileReference; lastKnownFileType = sourcecode.swift; path = PlayersModel.swift; sourceTree = "<group>"; };
		3F143133B4A35B31A08654FC /* Models.swift */ = {isa = PBXFileReference; lastKnownFileType = sourcecode.swift; path = Models.swift; sourceTree = "<group>"; };
		4063BAA9C5D57F576E8DD60F /* TableModel.swift */ = {isa = PBXFileReference; lastKnownFileType = sourcecode.swift; path = TableModel.swift; sourceTree = "<group>"; };
		40CB83E178EFC1D18C739373 /* Theme.swift */ = {isa = PBXFileReference; lastKnownFileType = sourcecode.swift; path = Theme.swift; sourceTree = "<group>"; };
		420E01B498ED8C8F902BAD71 /* AppSheet.swift */ = {isa = PBXFileReference; lastKnownFileType = sourcecode.swift; path = AppSheet.swift; sourceTree = "<group>"; };
		44A0EEA27F858F26075BF03C /* LeagueMeta.swift */ = {isa = PBXFileReference; lastKnownFileType = sourcecode.swift; path = LeagueMeta.swift; sourceTree = "<group>"; };
		46CCB3296CBF81AB2F4EB22E /* SettingsScreen.swift */ = {isa = PBXFileReference; lastKnownFileType = sourcecode.swift; path = SettingsScreen.swift; sourceTree = "<group>"; };
		4ABC780799B00D4A3DB77AEB /* TeamCard.swift */ = {isa = PBXFileReference; lastKnownFileType = sourcecode.swift; path = TeamCard.swift; sourceTree = "<group>"; };
		4EF3EF628607C5EA5BBDA904 /* ScoresScreen.swift */ = {isa = PBXFileReference; lastKnownFileType = sourcecode.swift; path = ScoresScreen.swift; sourceTree = "<group>"; };
		4FBDC4215EBB25A73C9375D8 /* Rows.swift */ = {isa = PBXFileReference; lastKnownFileType = sourcecode.swift; path = Rows.swift; sourceTree = "<group>"; };
		59DBD7B88CCBA3085A3328DB /* Accent.swift */ = {isa = PBXFileReference; lastKnownFileType = sourcecode.swift; path = Accent.swift; sourceTree = "<group>"; };
		59E4C9D750B2B2059F071A4D /* DefaultLineup.swift */ = {isa = PBXFileReference; lastKnownFileType = sourcecode.swift; path = DefaultLineup.swift; sourceTree = "<group>"; };
		5A3CDF8212FBD86ED97A1D30 /* Preferences.swift */ = {isa = PBXFileReference; lastKnownFileType = sourcecode.swift; path = Preferences.swift; sourceTree = "<group>"; };
		5E6C00B8B9C95A21F8AF8601 /* TeamsScreen.swift */ = {isa = PBXFileReference; lastKnownFileType = sourcecode.swift; path = TeamsScreen.swift; sourceTree = "<group>"; };
		5EE6CE0E6D17A2964C7A248E /* HomeWidgets.swift */ = {isa = PBXFileReference; lastKnownFileType = sourcecode.swift; path = HomeWidgets.swift; sourceTree = "<group>"; };
		60A20BC655D7268DF630C5F9 /* ScheduleSheet.swift */ = {isa = PBXFileReference; lastKnownFileType = sourcecode.swift; path = ScheduleSheet.swift; sourceTree = "<group>"; };
		60FD98764D83156C4E1CF958 /* Account.swift */ = {isa = PBXFileReference; lastKnownFileType = sourcecode.swift; path = Account.swift; sourceTree = "<group>"; };
		623891A7289863EF018CC1F8 /* SeasonPanel.swift */ = {isa = PBXFileReference; lastKnownFileType = sourcecode.swift; path = SeasonPanel.swift; sourceTree = "<group>"; };
		68B56F46D1D032AAA9E62AFA /* GoogleMark.swift */ = {isa = PBXFileReference; lastKnownFileType = sourcecode.swift; path = GoogleMark.swift; sourceTree = "<group>"; };
		6D2E766B906BC609DC6CAF97 /* Player.swift */ = {isa = PBXFileReference; lastKnownFileType = sourcecode.swift; path = Player.swift; sourceTree = "<group>"; };
		7BECBC9CF8C2FE25829506A2 /* PlayersScreen.swift */ = {isa = PBXFileReference; lastKnownFileType = sourcecode.swift; path = PlayersScreen.swift; sourceTree = "<group>"; };
		7F2F5327EC1E606F167307BE /* Prefetch.swift */ = {isa = PBXFileReference; lastKnownFileType = sourcecode.swift; path = Prefetch.swift; sourceTree = "<group>"; };
		8A6AA021E3FCD7C4EDA5A5AA /* RootView.swift */ = {isa = PBXFileReference; lastKnownFileType = sourcecode.swift; path = RootView.swift; sourceTree = "<group>"; };
		8AF3BD0B9F8D17BFAF22805F /* OnboardingSwipeTests.swift */ = {isa = PBXFileReference; lastKnownFileType = sourcecode.swift; path = OnboardingSwipeTests.swift; sourceTree = "<group>"; };
		8C8CFA8121B21F2FC3EF447F /* WidgetGallery.swift */ = {isa = PBXFileReference; lastKnownFileType = sourcecode.swift; path = WidgetGallery.swift; sourceTree = "<group>"; };
		94D997893A5BFC2434FCAF37 /* FrontrowUITests.xctest */ = {isa = PBXFileReference; includeInIndex = 0; lastKnownFileType = wrapper.cfbundle; path = FrontrowUITests.xctest; sourceTree = BUILT_PRODUCTS_DIR; };
		986D896A6050DA833F87C1E6 /* Assets.xcassets */ = {isa = PBXFileReference; lastKnownFileType = folder.assetcatalog; path = Assets.xcassets; sourceTree = "<group>"; };
		98A070E367E34435AEA9CE79 /* FrontrowWidgets.appex */ = {isa = PBXFileReference; includeInIndex = 0; lastKnownFileType = "wrapper.app-extension"; path = FrontrowWidgets.appex; sourceTree = BUILT_PRODUCTS_DIR; };
		9CBCF51DCAFD694FB1B61188 /* WidgetGalleryTests.swift */ = {isa = PBXFileReference; lastKnownFileType = sourcecode.swift; path = WidgetGalleryTests.swift; sourceTree = "<group>"; };
		A9A4AE75A5AFB2BA7C8ADD1B /* OnboardingFlow.swift */ = {isa = PBXFileReference; lastKnownFileType = sourcecode.swift; path = OnboardingFlow.swift; sourceTree = "<group>"; };
		ABF2ED8A62719C1A439AA4AF /* PickerSteps.swift */ = {isa = PBXFileReference; lastKnownFileType = sourcecode.swift; path = PickerSteps.swift; sourceTree = "<group>"; };
		B1DACC40DFE8AC31B99652AF /* ShellTests.swift */ = {isa = PBXFileReference; lastKnownFileType = sourcecode.swift; path = ShellTests.swift; sourceTree = "<group>"; };
		B378DFADBF35FBA533045F28 /* WidgetPieces.swift */ = {isa = PBXFileReference; lastKnownFileType = sourcecode.swift; path = WidgetPieces.swift; sourceTree = "<group>"; };
		B89C1BE09F171A0F22AB1844 /* Provider.swift */ = {isa = PBXFileReference; lastKnownFileType = sourcecode.swift; path = Provider.swift; sourceTree = "<group>"; };
		BD76B957EB9038FD85CA6773 /* LockWidgets.swift */ = {isa = PBXFileReference; lastKnownFileType = sourcecode.swift; path = LockWidgets.swift; sourceTree = "<group>"; };
		C15935C04F5E392FE6829BD8 /* Frontrow.entitlements */ = {isa = PBXFileReference; lastKnownFileType = text.plist.entitlements; path = Frontrow.entitlements; sourceTree = "<group>"; };
		C1FFDD0578C719265D7D8E54 /* GameCard.swift */ = {isa = PBXFileReference; lastKnownFileType = sourcecode.swift; path = GameCard.swift; sourceTree = "<group>"; };
		C534DACE529C5045C8D179F3 /* SupabaseConfig.swift */ = {isa = PBXFileReference; lastKnownFileType = sourcecode.swift; path = SupabaseConfig.swift; sourceTree = "<group>"; };
		CA1FE3321971E9DBD00BD262 /* FrontrowApp.swift */ = {isa = PBXFileReference; lastKnownFileType = sourcecode.swift; path = FrontrowApp.swift; sourceTree = "<group>"; };
		CB24D8EE32E50433CE129AF3 /* WeekTests.swift */ = {isa = PBXFileReference; lastKnownFileType = sourcecode.swift; path = WeekTests.swift; sourceTree = "<group>"; };
		CC9F25E26E583E12547E916F /* StepGatingTests.swift */ = {isa = PBXFileReference; lastKnownFileType = sourcecode.swift; path = StepGatingTests.swift; sourceTree = "<group>"; };
		CD8A61DD074219C79923AD0A /* Standings.swift */ = {isa = PBXFileReference; lastKnownFileType = sourcecode.swift; path = Standings.swift; sourceTree = "<group>"; };
		CF47E46710A34CF14F919119 /* Frontrow.app */ = {isa = PBXFileReference; includeInIndex = 0; lastKnownFileType = wrapper.application; path = Frontrow.app; sourceTree = BUILT_PRODUCTS_DIR; };
		D0BB715610A2586C7B449BF7 /* FavouritesTests.swift */ = {isa = PBXFileReference; lastKnownFileType = sourcecode.swift; path = FavouritesTests.swift; sourceTree = "<group>"; };
		D1C5EB83FE251174CEE412C9 /* TabsTests.swift */ = {isa = PBXFileReference; lastKnownFileType = sourcecode.swift; path = TabsTests.swift; sourceTree = "<group>"; };
		D71D8A554B2BA94005CDA4A3 /* PlayerSheet.swift */ = {isa = PBXFileReference; lastKnownFileType = sourcecode.swift; path = PlayerSheet.swift; sourceTree = "<group>"; };
		DE692A571AA48183C71CE267 /* LeagueEditingTests.swift */ = {isa = PBXFileReference; lastKnownFileType = sourcecode.swift; path = LeagueEditingTests.swift; sourceTree = "<group>"; };
		E3D8C31CA392360202D11AD8 /* ScoresModel.swift */ = {isa = PBXFileReference; lastKnownFileType = sourcecode.swift; path = ScoresModel.swift; sourceTree = "<group>"; };
		EE5B86A985275D6F7736E974 /* APIClient.swift */ = {isa = PBXFileReference; lastKnownFileType = sourcecode.swift; path = APIClient.swift; sourceTree = "<group>"; };
		EE70839B14BA405D31DEE1DD /* TeamStats.swift */ = {isa = PBXFileReference; lastKnownFileType = sourcecode.swift; path = TeamStats.swift; sourceTree = "<group>"; };
		F0E7EE61DCC51B4DF267FBC6 /* WeekWindow.swift */ = {isa = PBXFileReference; lastKnownFileType = sourcecode.swift; path = WeekWindow.swift; sourceTree = "<group>"; };
		F34EDC1CCFE4EB73DF861243 /* OnboardingDone.swift */ = {isa = PBXFileReference; lastKnownFileType = sourcecode.swift; path = OnboardingDone.swift; sourceTree = "<group>"; };
		F52CCA3AA2B3CEF44658D0E7 /* TableScreen.swift */ = {isa = PBXFileReference; lastKnownFileType = sourcecode.swift; path = TableScreen.swift; sourceTree = "<group>"; };
		FCBB24BEBDB41C7D934EAF35 /* Loadable.swift */ = {isa = PBXFileReference; lastKnownFileType = sourcecode.swift; path = Loadable.swift; sourceTree = "<group>"; };
		FF837CCF1C06D4880113727B /* FrontrowWidgetBundle.swift */ = {isa = PBXFileReference; lastKnownFileType = sourcecode.swift; path = FrontrowWidgetBundle.swift; sourceTree = "<group>"; };
/* End PBXFileReference section */

/* Begin PBXFrameworksBuildPhase section */
		E2F48D2A3E170289ADF22C67 /* Frameworks */ = {
			isa = PBXFrameworksBuildPhase;
			buildActionMask = 2147483647;
			files = (
				853143F3DCAE10AD77FB520D /* Supabase in Frameworks */,
			);
			runOnlyForDeploymentPostprocessing = 0;
		};
/* End PBXFrameworksBuildPhase section */

/* Begin PBXGroup section */
		08135CC7C10CF1FBFE7A0920 /* FrontrowWidgets */ = {
			isa = PBXGroup;
			children = (
				FF837CCF1C06D4880113727B /* FrontrowWidgetBundle.swift */,
				25E45CAF6261E7121C970DCF /* FrontrowWidgets.entitlements */,
				5EE6CE0E6D17A2964C7A248E /* HomeWidgets.swift */,
				2D1A10223BE0784A2CFFF0EB /* Info.plist */,
				BD76B957EB9038FD85CA6773 /* LockWidgets.swift */,
				B89C1BE09F171A0F22AB1844 /* Provider.swift */,
				B378DFADBF35FBA533045F28 /* WidgetPieces.swift */,
			);
			path = FrontrowWidgets;
			sourceTree = "<group>";
		};
		19997ADFE91F43873BBF43C8 = {
			isa = PBXGroup;
			children = (
				71104680DDF65F607AF9A65B /* Frontrow */,
				79048D25EFF817F74C1D4E1A /* FrontrowUITests */,
				08135CC7C10CF1FBFE7A0920 /* FrontrowWidgets */,
				520CB57361CB0D9B9D0467AB /* Products */,
			);
			sourceTree = "<group>";
		};
		1A047348961B68814BECF80E /* Players */ = {
			isa = PBXGroup;
			children = (
				2E67BD6243658AD826E129BD /* PlayersModel.swift */,
				7BECBC9CF8C2FE25829506A2 /* PlayersScreen.swift */,
			);
			path = Players;
			sourceTree = "<group>";
		};
		341A3670EDEA6D32B32A1BE0 /* Auth */ = {
			isa = PBXGroup;
			children = (
				113960625114D46CE7862AA7 /* SignInSheet.swift */,
				25EEFA3E84EFDA0A2C866594 /* WelcomeScreen.swift */,
			);
			path = Auth;
			sourceTree = "<group>";
		};
		520CB57361CB0D9B9D0467AB /* Products */ = {
			isa = PBXGroup;
			children = (
				CF47E46710A34CF14F919119 /* Frontrow.app */,
				94D997893A5BFC2434FCAF37 /* FrontrowUITests.xctest */,
				98A070E367E34435AEA9CE79 /* FrontrowWidgets.appex */,
			);
			name = Products;
			sourceTree = "<group>";
		};
		55A1A84C95C33B56DB7C578D /* Table */ = {
			isa = PBXGroup;
			children = (
				4063BAA9C5D57F576E8DD60F /* TableModel.swift */,
				F52CCA3AA2B3CEF44658D0E7 /* TableScreen.swift */,
			);
			path = Table;
			sourceTree = "<group>";
		};
		651B775D18D3AF08E308A0BF /* Account */ = {
			isa = PBXGroup;
			children = (
				60FD98764D83156C4E1CF958 /* Account.swift */,
				4FBDC4215EBB25A73C9375D8 /* Rows.swift */,
				C534DACE529C5045C8D179F3 /* SupabaseConfig.swift */,
			);
			path = Account;
			sourceTree = "<group>";
		};
		66652D8DE610F14A42E5F153 /* Scores */ = {
			isa = PBXGroup;
			children = (
				C1FFDD0578C719265D7D8E54 /* GameCard.swift */,
				E3D8C31CA392360202D11AD8 /* ScoresModel.swift */,
				4EF3EF628607C5EA5BBDA904 /* ScoresScreen.swift */,
			);
			path = Scores;
			sourceTree = "<group>";
		};
		68263617DE54F030CD499480 /* Theme */ = {
			isa = PBXGroup;
			children = (
				59DBD7B88CCBA3085A3328DB /* Accent.swift */,
				40CB83E178EFC1D18C739373 /* Theme.swift */,
			);
			path = Theme;
			sourceTree = "<group>";
		};
		6ECB9C9E78CA521454B42A01 /* Models */ = {
			isa = PBXGroup;
			children = (
				59E4C9D750B2B2059F071A4D /* DefaultLineup.swift */,
				44A0EEA27F858F26075BF03C /* LeagueMeta.swift */,
				3F143133B4A35B31A08654FC /* Models.swift */,
				6D2E766B906BC609DC6CAF97 /* Player.swift */,
				0E7DEF986CA8F4EF547D8F9A /* Playoffs.swift */,
				5A3CDF8212FBD86ED97A1D30 /* Preferences.swift */,
				2471AD5A6E8DE6CEE5D70D32 /* SharedStore.swift */,
				CD8A61DD074219C79923AD0A /* Standings.swift */,
				4ABC780799B00D4A3DB77AEB /* TeamCard.swift */,
				EE70839B14BA405D31DEE1DD /* TeamStats.swift */,
				F0E7EE61DCC51B4DF267FBC6 /* WeekWindow.swift */,
			);
			path = Models;
			sourceTree = "<group>";
		};
		71104680DDF65F607AF9A65B /* Frontrow */ = {
			isa = PBXGroup;
			children = (
				986D896A6050DA833F87C1E6 /* Assets.xcassets */,
				C15935C04F5E392FE6829BD8 /* Frontrow.entitlements */,
				1CBB1A131BE243E4281EFE99 /* Info.plist */,
				651B775D18D3AF08E308A0BF /* Account */,
				BDFED2CA05C06155C39634C3 /* App */,
				C3FB1D5EE5929C845CE1D3BB /* Features */,
				6ECB9C9E78CA521454B42A01 /* Models */,
				B8396C7866E58116303CA97E /* Networking */,
				8C9D1CE6007C521BDC476112 /* Shared */,
				68263617DE54F030CD499480 /* Theme */,
			);
			path = Frontrow;
			sourceTree = "<group>";
		};
		79048D25EFF817F74C1D4E1A /* FrontrowUITests */ = {
			isa = PBXGroup;
			children = (
				090AB71635D8EFB19B5EBF06 /* AccountTests.swift */,
				D0BB715610A2586C7B449BF7 /* FavouritesTests.swift */,
				DE692A571AA48183C71CE267 /* LeagueEditingTests.swift */,
				8AF3BD0B9F8D17BFAF22805F /* OnboardingSwipeTests.swift */,
				B1DACC40DFE8AC31B99652AF /* ShellTests.swift */,
				CC9F25E26E583E12547E916F /* StepGatingTests.swift */,
				D1C5EB83FE251174CEE412C9 /* TabsTests.swift */,
				CB24D8EE32E50433CE129AF3 /* WeekTests.swift */,
				9CBCF51DCAFD694FB1B61188 /* WidgetGalleryTests.swift */,
			);
			path = FrontrowUITests;
			sourceTree = "<group>";
		};
		8C9D1CE6007C521BDC476112 /* Shared */ = {
			isa = PBXGroup;
			children = (
				68B56F46D1D032AAA9E62AFA /* GoogleMark.swift */,
				003A3DAD4F09EBC1112FF616 /* Primitives.swift */,
			);
			path = Shared;
			sourceTree = "<group>";
		};
		B8396C7866E58116303CA97E /* Networking */ = {
			isa = PBXGroup;
			children = (
				EE5B86A985275D6F7736E974 /* APIClient.swift */,
				FCBB24BEBDB41C7D934EAF35 /* Loadable.swift */,
				7F2F5327EC1E606F167307BE /* Prefetch.swift */,
			);
			path = Networking;
			sourceTree = "<group>";
		};
		BB9E59E7499133AA16A32013 /* Teams */ = {
			isa = PBXGroup;
			children = (
				623891A7289863EF018CC1F8 /* SeasonPanel.swift */,
				02285A0D1036C1B070651EBD /* TeamCardView.swift */,
				1AB7E6B890DA4058EA132D88 /* TeamsModel.swift */,
				5E6C00B8B9C95A21F8AF8601 /* TeamsScreen.swift */,
			);
			path = Teams;
			sourceTree = "<group>";
		};
		BDB266D672BAF8BF8DEDB061 /* Sheets */ = {
			isa = PBXGroup;
			children = (
				420E01B498ED8C8F902BAD71 /* AppSheet.swift */,
				05B3E4B280C231E60D661B5A /* BracketSheet.swift */,
				D71D8A554B2BA94005CDA4A3 /* PlayerSheet.swift */,
				60A20BC655D7268DF630C5F9 /* ScheduleSheet.swift */,
			);
			path = Sheets;
			sourceTree = "<group>";
		};
		BDFED2CA05C06155C39634C3 /* App */ = {
			isa = PBXGroup;
			children = (
				CA1FE3321971E9DBD00BD262 /* FrontrowApp.swift */,
				8A6AA021E3FCD7C4EDA5A5AA /* RootView.swift */,
			);
			path = App;
			sourceTree = "<group>";
		};
		C3FB1D5EE5929C845CE1D3BB /* Features */ = {
			isa = PBXGroup;
			children = (
				341A3670EDEA6D32B32A1BE0 /* Auth */,
				C8C7A4411DED9150712A15E6 /* Onboarding */,
				1A047348961B68814BECF80E /* Players */,
				66652D8DE610F14A42E5F153 /* Scores */,
				CADD5C9623B1B8C5CC9F9CCE /* Settings */,
				BDB266D672BAF8BF8DEDB061 /* Sheets */,
				55A1A84C95C33B56DB7C578D /* Table */,
				BB9E59E7499133AA16A32013 /* Teams */,
			);
			path = Features;
			sourceTree = "<group>";
		};
		C8C7A4411DED9150712A15E6 /* Onboarding */ = {
			isa = PBXGroup;
			children = (
				F34EDC1CCFE4EB73DF861243 /* OnboardingDone.swift */,
				A9A4AE75A5AFB2BA7C8ADD1B /* OnboardingFlow.swift */,
				ABF2ED8A62719C1A439AA4AF /* PickerSteps.swift */,
			);
			path = Onboarding;
			sourceTree = "<group>";
		};
		CADD5C9623B1B8C5CC9F9CCE /* Settings */ = {
			isa = PBXGroup;
			children = (
				46CCB3296CBF81AB2F4EB22E /* SettingsScreen.swift */,
				8C8CFA8121B21F2FC3EF447F /* WidgetGallery.swift */,
			);
			path = Settings;
			sourceTree = "<group>";
		};
/* End PBXGroup section */

/* Begin PBXNativeTarget section */
		01481E51C597834ACDF49DAF /* Frontrow */ = {
			isa = PBXNativeTarget;
			buildConfigurationList = 3BE352FCA7415FA1E913C87E /* Build configuration list for PBXNativeTarget "Frontrow" */;
			buildPhases = (
				75B7B3C65B88AF6FBBC72FBD /* Sources */,
				CBD7877DA0EC5436913C8FF4 /* Resources */,
				E2F48D2A3E170289ADF22C67 /* Frameworks */,
				8362C70C023E8A681A55B21C /* Embed Foundation Extensions */,
			);
			buildRules = (
			);
			dependencies = (
				9A6240A3CE9C895825788861 /* PBXTargetDependency */,
			);
			name = Frontrow;
			packageProductDependencies = (
				1FCDE70EC97D07C3D83EC9BC /* Supabase */,
			);
			productName = Frontrow;
			productReference = CF47E46710A34CF14F919119 /* Frontrow.app */;
			productType = "com.apple.product-type.application";
		};
		483F40E00C1930073027E091 /* FrontrowWidgets */ = {
			isa = PBXNativeTarget;
			buildConfigurationList = 28ECA87BF79723636FB66ECB /* Build configuration list for PBXNativeTarget "FrontrowWidgets" */;
			buildPhases = (
				7D2822243024786A32DA68AF /* Sources */,
				85263AD96247B93F9CA14D9C /* Resources */,
			);
			buildRules = (
			);
			dependencies = (
			);
			name = FrontrowWidgets;
			packageProductDependencies = (
			);
			productName = FrontrowWidgets;
			productReference = 98A070E367E34435AEA9CE79 /* FrontrowWidgets.appex */;
			productType = "com.apple.product-type.app-extension";
		};
		E4AF87C74834C91AC226EE15 /* FrontrowUITests */ = {
			isa = PBXNativeTarget;
			buildConfigurationList = 2BB3A7F798A7BED14B0646D4 /* Build configuration list for PBXNativeTarget "FrontrowUITests" */;
			buildPhases = (
				6EB7008E838B2388A267CB3A /* Sources */,
			);
			buildRules = (
			);
			dependencies = (
				AF378CCCFA1B188313FA85F1 /* PBXTargetDependency */,
			);
			name = FrontrowUITests;
			packageProductDependencies = (
			);
			productName = FrontrowUITests;
			productReference = 94D997893A5BFC2434FCAF37 /* FrontrowUITests.xctest */;
			productType = "com.apple.product-type.bundle.ui-testing";
		};
/* End PBXNativeTarget section */

/* Begin PBXProject section */
		4944153659D091A1DBD0F34E /* Project object */ = {
			isa = PBXProject;
			attributes = {
				BuildIndependentTargetsInParallel = YES;
				LastUpgradeCheck = 2660;
				TargetAttributes = {
					01481E51C597834ACDF49DAF = {
						DevelopmentTeam = 9N4Y5K8R9K;
						ProvisioningStyle = Automatic;
					};
					483F40E00C1930073027E091 = {
						DevelopmentTeam = 9N4Y5K8R9K;
						ProvisioningStyle = Automatic;
					};
					E4AF87C74834C91AC226EE15 = {
						DevelopmentTeam = 9N4Y5K8R9K;
						ProvisioningStyle = Automatic;
						TestTargetID = 01481E51C597834ACDF49DAF;
					};
				};
			};
			buildConfigurationList = D471C2949A4A1EF2D07EA331 /* Build configuration list for PBXProject "Frontrow" */;
			developmentRegion = en;
			hasScannedForEncodings = 0;
			knownRegions = (
				Base,
				en,
			);
			mainGroup = 19997ADFE91F43873BBF43C8;
			minimizedProjectReferenceProxies = 1;
			packageReferences = (
				2AF55E63A926CEB116F0A834 /* XCRemoteSwiftPackageReference "supabase-swift" */,
			);
			preferredProjectObjectVersion = 77;
			productRefGroup = 520CB57361CB0D9B9D0467AB /* Products */;
			projectDirPath = "";
			projectRoot = "";
			targets = (
				01481E51C597834ACDF49DAF /* Frontrow */,
				483F40E00C1930073027E091 /* FrontrowWidgets */,
				E4AF87C74834C91AC226EE15 /* FrontrowUITests */,
			);
		};
/* End PBXProject section */

/* Begin PBXResourcesBuildPhase section */
		85263AD96247B93F9CA14D9C /* Resources */ = {
			isa = PBXResourcesBuildPhase;
			buildActionMask = 2147483647;
			files = (
				23697E9B741C75593CA8444D /* Assets.xcassets in Resources */,
			);
			runOnlyForDeploymentPostprocessing = 0;
		};
		CBD7877DA0EC5436913C8FF4 /* Resources */ = {
			isa = PBXResourcesBuildPhase;
			buildActionMask = 2147483647;
			files = (
				89EB6D02121FD7EE14DF0F2E /* Assets.xcassets in Resources */,
			);
			runOnlyForDeploymentPostprocessing = 0;
		};
/* End PBXResourcesBuildPhase section */

/* Begin PBXSourcesBuildPhase section */
		6EB7008E838B2388A267CB3A /* Sources */ = {
			isa = PBXSourcesBuildPhase;
			buildActionMask = 2147483647;
			files = (
				937550A23E52DD94ED0EB36F /* AccountTests.swift in Sources */,
				ECE2CEA27E817F79BA7EB2EF /* FavouritesTests.swift in Sources */,
				F79A5C8B5D8C73CDC4CABA30 /* LeagueEditingTests.swift in Sources */,
				E85E84ABDEE275E38036BEFD /* OnboardingSwipeTests.swift in Sources */,
				3D82CFFD1790E11C981AF3F9 /* ShellTests.swift in Sources */,
				8E8309591B360B7BC16310D5 /* StepGatingTests.swift in Sources */,
				D719D4FB1BA98AFEF45CD9CD /* TabsTests.swift in Sources */,
				67D7A2F40CB492A08CD56473 /* WeekTests.swift in Sources */,
				0F87F286D2BED35EFBFBDA03 /* WidgetGalleryTests.swift in Sources */,
			);
			runOnlyForDeploymentPostprocessing = 0;
		};
		75B7B3C65B88AF6FBBC72FBD /* Sources */ = {
			isa = PBXSourcesBuildPhase;
			buildActionMask = 2147483647;
			files = (
				30403A6E51826315A27C9AA2 /* APIClient.swift in Sources */,
				D710EDF9E10F793504DF58E6 /* Accent.swift in Sources */,
				F527187B3A5B5038342FEEDF /* Account.swift in Sources */,
				10A61DE5FBC38BB6FA0CF69E /* AppSheet.swift in Sources */,
				A87507CEC0AB68C42C325196 /* BracketSheet.swift in Sources */,
				CCB921644D6DB2C563F34787 /* DefaultLineup.swift in Sources */,
				E9C3053C3CA8F16C0441D7CF /* FrontrowApp.swift in Sources */,
				97C7EF732D1EA9962E961BB4 /* GameCard.swift in Sources */,
				5C917560AFED40BBA5466455 /* GoogleMark.swift in Sources */,
				D2B655B9A3FD916EC7014441 /* HomeWidgets.swift in Sources */,
				E781AB429B5330AB932AA9B4 /* LeagueMeta.swift in Sources */,
				FD2D5ADEE0D93BE9D105576C /* Loadable.swift in Sources */,
				C6AB387123725D5594ACC8EF /* LockWidgets.swift in Sources */,
				47C5FF67B8D72A2F5B3F9883 /* Models.swift in Sources */,
				A9079815B3009AB022643D12 /* OnboardingDone.swift in Sources */,
				0147618C04B408646FE8B002 /* OnboardingFlow.swift in Sources */,
				448AF00A5419C350CD966A8B /* PickerSteps.swift in Sources */,
				B33979AA6E31F38995BE1108 /* Player.swift in Sources */,
				C5543D2BD8E8C516022CFFB9 /* PlayerSheet.swift in Sources */,
				38732A435974C373815F15C0 /* PlayersModel.swift in Sources */,
				C152A83DA9654BFCA89D8DCA /* PlayersScreen.swift in Sources */,
				6F5DC211E1568ADC49907987 /* Playoffs.swift in Sources */,
				FA76BADEE4A4011C50C391CD /* Preferences.swift in Sources */,
				1DA7E6F19A067BCBE61EBE44 /* Prefetch.swift in Sources */,
				7E724773F4207AEDE16A0750 /* Primitives.swift in Sources */,
				F66D3E94A43D41BD7039CDD6 /* Provider.swift in Sources */,
				86714D74CCC73E0C9D803976 /* RootView.swift in Sources */,
				9852E2E397163B3725B9395C /* Rows.swift in Sources */,
				1025823AC947DAFAA8EB6D90 /* ScheduleSheet.swift in Sources */,
				307C66254BAFFA41C75E9F77 /* ScoresModel.swift in Sources */,
				50A3701A55C79A1903622A98 /* ScoresScreen.swift in Sources */,
				42182DBCD11B73751F4FF62D /* SeasonPanel.swift in Sources */,
				7DCB078BE63EB40B4836E3AC /* SettingsScreen.swift in Sources */,
				0AE82DC3504DB93EB5120898 /* SharedStore.swift in Sources */,
				BCE3C66C8B3E7B11E6F8F244 /* SignInSheet.swift in Sources */,
				BA876DB9C1DAE2AC2A2515DB /* Standings.swift in Sources */,
				EC4856B68F541D48DDF224FF /* SupabaseConfig.swift in Sources */,
				0A7E890E99BFFEDCDF5757AD /* TableModel.swift in Sources */,
				0A75E875E8E6A179CD8616C0 /* TableScreen.swift in Sources */,
				14134E1BBB1ED6C80255E24C /* TeamCard.swift in Sources */,
				3D90B97C8E33C137CF338055 /* TeamCardView.swift in Sources */,
				3954AD75FB28616104706DDA /* TeamStats.swift in Sources */,
				6BEEF32E4E1A201E92429608 /* TeamsModel.swift in Sources */,
				3953249CB640BC9680225219 /* TeamsScreen.swift in Sources */,
				5D6BC3878367A1DA7C5F5BCB /* Theme.swift in Sources */,
				EFF39F67621F4AEF17F4B2C0 /* WeekWindow.swift in Sources */,
				C8F34ED9BFC27D631382FEF2 /* WelcomeScreen.swift in Sources */,
				98CEF72D63559D055BA073B8 /* WidgetGallery.swift in Sources */,
				DBAD5E5671E50409763AF6F8 /* WidgetPieces.swift in Sources */,
			);
			runOnlyForDeploymentPostprocessing = 0;
		};
		7D2822243024786A32DA68AF /* Sources */ = {
			isa = PBXSourcesBuildPhase;
			buildActionMask = 2147483647;
			files = (
				61662C0686939564573D4458 /* APIClient.swift in Sources */,
				9E981A3955EDC8FC606E7D8F /* Accent.swift in Sources */,
				DB37127FB8D116BEEF3802FB /* DefaultLineup.swift in Sources */,
				8E16E31767270097C5CAC5A3 /* FrontrowWidgetBundle.swift in Sources */,
				26E0D84776EB14CF5CDF7C5D /* HomeWidgets.swift in Sources */,
				92A1B3826174F3B8106241EE /* LeagueMeta.swift in Sources */,
				18B7F91FFC7B21A21F14144E /* Loadable.swift in Sources */,
				BCD37529F31A579E32A43199 /* LockWidgets.swift in Sources */,
				3D17E1A9CF8F2DCE08EE85A0 /* Models.swift in Sources */,
				7914F7E3FE8202010C99DF8F /* Player.swift in Sources */,
				EEC2C7F691FAF432A582A392 /* Playoffs.swift in Sources */,
				30FD24F767F6CD97E32A67B2 /* Preferences.swift in Sources */,
				27663E4FCC4E187D6E917972 /* Prefetch.swift in Sources */,
				0914362EC86DDA6C17AA0F66 /* Provider.swift in Sources */,
				2A4BE85CBA748ACA163E57C9 /* Rows.swift in Sources */,
				017C48847AC64564E6D109D2 /* SharedStore.swift in Sources */,
				6BB7754D9B45FF11741553F1 /* Standings.swift in Sources */,
				DA479CF0F1089CC933838377 /* TeamCard.swift in Sources */,
				D153385C60A029C9F3DD6D14 /* TeamStats.swift in Sources */,
				285EB70C436BEF87AFD7B167 /* Theme.swift in Sources */,
				32E26D10DBE70218FAC58BF8 /* WeekWindow.swift in Sources */,
				741132A0735929C1CEF10349 /* WidgetPieces.swift in Sources */,
			);
			runOnlyForDeploymentPostprocessing = 0;
		};
/* End PBXSourcesBuildPhase section */

/* Begin PBXTargetDependency section */
		9A6240A3CE9C895825788861 /* PBXTargetDependency */ = {
			isa = PBXTargetDependency;
			target = 483F40E00C1930073027E091 /* FrontrowWidgets */;
			targetProxy = DDCCDE3081A490C17D9DB9C0 /* PBXContainerItemProxy */;
		};
		AF378CCCFA1B188313FA85F1 /* PBXTargetDependency */ = {
			isa = PBXTargetDependency;
			target = 01481E51C597834ACDF49DAF /* Frontrow */;
			targetProxy = 2D74E2ADB7288C56114CA07A /* PBXContainerItemProxy */;
		};
/* End PBXTargetDependency section */

/* Begin XCBuildConfiguration section */
		1924F3548FA3CF76D2B40EC3 /* Debug */ = {
			isa = XCBuildConfiguration;
			buildSettings = {
				BUNDLE_LOADER = "$(TEST_HOST)";
				GENERATE_INFOPLIST_FILE = YES;
				LD_RUNPATH_SEARCH_PATHS = (
					"$(inherited)",
					"@executable_path/Frameworks",
					"@loader_path/Frameworks",
				);
				PRODUCT_BUNDLE_IDENTIFIER = com.germanndarian.frontrow.uitests;
				SDKROOT = iphoneos;
				TARGETED_DEVICE_FAMILY = "1,2";
				TEST_TARGET_NAME = Frontrow;
			};
			name = Debug;
		};
		19D42690242170163D0B8FF1 /* Release */ = {
			isa = XCBuildConfiguration;
			buildSettings = {
				CODE_SIGN_ENTITLEMENTS = FrontrowWidgets/FrontrowWidgets.entitlements;
				GENERATE_INFOPLIST_FILE = NO;
				INFOPLIST_FILE = FrontrowWidgets/Info.plist;
				LD_RUNPATH_SEARCH_PATHS = (
					"$(inherited)",
					"@executable_path/Frameworks",
					"@executable_path/../../Frameworks",
				);
				PRODUCT_BUNDLE_IDENTIFIER = com.germanndarian.frontrow.widgets;
				SDKROOT = iphoneos;
				SKIP_INSTALL = YES;
				TARGETED_DEVICE_FAMILY = 1;
			};
			name = Release;
		};
		33756D403D04B28BF201D80A /* Release */ = {
			isa = XCBuildConfiguration;
			buildSettings = {
				ALWAYS_SEARCH_USER_PATHS = NO;
				CLANG_ANALYZER_NONNULL = YES;
				CLANG_ANALYZER_NUMBER_OBJECT_CONVERSION = YES_AGGRESSIVE;
				CLANG_CXX_LANGUAGE_STANDARD = "gnu++14";
				CLANG_CXX_LIBRARY = "libc++";
				CLANG_ENABLE_MODULES = YES;
				CLANG_ENABLE_OBJC_ARC = YES;
				CLANG_ENABLE_OBJC_WEAK = YES;
				CLANG_WARN_BLOCK_CAPTURE_AUTORELEASING = YES;
				CLANG_WARN_BOOL_CONVERSION = YES;
				CLANG_WARN_COMMA = YES;
				CLANG_WARN_CONSTANT_CONVERSION = YES;
				CLANG_WARN_DEPRECATED_OBJC_IMPLEMENTATIONS = YES;
				CLANG_WARN_DIRECT_OBJC_ISA_USAGE = YES_ERROR;
				CLANG_WARN_DOCUMENTATION_COMMENTS = YES;
				CLANG_WARN_EMPTY_BODY = YES;
				CLANG_WARN_ENUM_CONVERSION = YES;
				CLANG_WARN_INFINITE_RECURSION = YES;
				CLANG_WARN_INT_CONVERSION = YES;
				CLANG_WARN_NON_LITERAL_NULL_CONVERSION = YES;
				CLANG_WARN_OBJC_IMPLICIT_RETAIN_SELF = YES;
				CLANG_WARN_OBJC_LITERAL_CONVERSION = YES;
				CLANG_WARN_OBJC_ROOT_CLASS = YES_ERROR;
				CLANG_WARN_QUOTED_INCLUDE_IN_FRAMEWORK_HEADER = YES;
				CLANG_WARN_RANGE_LOOP_ANALYSIS = YES;
				CLANG_WARN_STRICT_PROTOTYPES = YES;
				CLANG_WARN_SUSPICIOUS_MOVE = YES;
				CLANG_WARN_UNGUARDED_AVAILABILITY = YES_AGGRESSIVE;
				CLANG_WARN_UNREACHABLE_CODE = YES;
				CLANG_WARN__DUPLICATE_METHOD_MATCH = YES;
				CODE_SIGN_STYLE = Automatic;
				COPY_PHASE_STRIP = NO;
				CURRENT_PROJECT_VERSION = 1;
				DEBUG_INFORMATION_FORMAT = "dwarf-with-dsym";
				DEVELOPMENT_TEAM = 9N4Y5K8R9K;
				ENABLE_NS_ASSERTIONS = NO;
				ENABLE_STRICT_OBJC_MSGSEND = YES;
				GCC_C_LANGUAGE_STANDARD = gnu11;
				GCC_NO_COMMON_BLOCKS = YES;
				GCC_WARN_64_TO_32_BIT_CONVERSION = YES;
				GCC_WARN_ABOUT_RETURN_TYPE = YES_ERROR;
				GCC_WARN_UNDECLARED_SELECTOR = YES;
				GCC_WARN_UNINITIALIZED_AUTOS = YES_AGGRESSIVE;
				GCC_WARN_UNUSED_FUNCTION = YES;
				GCC_WARN_UNUSED_VARIABLE = YES;
				IPHONEOS_DEPLOYMENT_TARGET = 26.0;
				MARKETING_VERSION = 1.0;
				MTL_ENABLE_DEBUG_INFO = NO;
				MTL_FAST_MATH = YES;
				PRODUCT_NAME = "$(TARGET_NAME)";
				SDKROOT = iphoneos;
				SWIFT_COMPILATION_MODE = wholemodule;
				SWIFT_OPTIMIZATION_LEVEL = "-O";
				SWIFT_STRICT_CONCURRENCY = complete;
				SWIFT_VERSION = 6.0;
			};
			name = Release;
		};
		7C0C9191D00808BC531461A8 /* Debug */ = {
			isa = XCBuildConfiguration;
			buildSettings = {
				ALWAYS_SEARCH_USER_PATHS = NO;
				CLANG_ANALYZER_NONNULL = YES;
				CLANG_ANALYZER_NUMBER_OBJECT_CONVERSION = YES_AGGRESSIVE;
				CLANG_CXX_LANGUAGE_STANDARD = "gnu++14";
				CLANG_CXX_LIBRARY = "libc++";
				CLANG_ENABLE_MODULES = YES;
				CLANG_ENABLE_OBJC_ARC = YES;
				CLANG_ENABLE_OBJC_WEAK = YES;
				CLANG_WARN_BLOCK_CAPTURE_AUTORELEASING = YES;
				CLANG_WARN_BOOL_CONVERSION = YES;
				CLANG_WARN_COMMA = YES;
				CLANG_WARN_CONSTANT_CONVERSION = YES;
				CLANG_WARN_DEPRECATED_OBJC_IMPLEMENTATIONS = YES;
				CLANG_WARN_DIRECT_OBJC_ISA_USAGE = YES_ERROR;
				CLANG_WARN_DOCUMENTATION_COMMENTS = YES;
				CLANG_WARN_EMPTY_BODY = YES;
				CLANG_WARN_ENUM_CONVERSION = YES;
				CLANG_WARN_INFINITE_RECURSION = YES;
				CLANG_WARN_INT_CONVERSION = YES;
				CLANG_WARN_NON_LITERAL_NULL_CONVERSION = YES;
				CLANG_WARN_OBJC_IMPLICIT_RETAIN_SELF = YES;
				CLANG_WARN_OBJC_LITERAL_CONVERSION = YES;
				CLANG_WARN_OBJC_ROOT_CLASS = YES_ERROR;
				CLANG_WARN_QUOTED_INCLUDE_IN_FRAMEWORK_HEADER = YES;
				CLANG_WARN_RANGE_LOOP_ANALYSIS = YES;
				CLANG_WARN_STRICT_PROTOTYPES = YES;
				CLANG_WARN_SUSPICIOUS_MOVE = YES;
				CLANG_WARN_UNGUARDED_AVAILABILITY = YES_AGGRESSIVE;
				CLANG_WARN_UNREACHABLE_CODE = YES;
				CLANG_WARN__DUPLICATE_METHOD_MATCH = YES;
				CODE_SIGN_STYLE = Automatic;
				COPY_PHASE_STRIP = NO;
				CURRENT_PROJECT_VERSION = 1;
				DEBUG_INFORMATION_FORMAT = dwarf;
				DEVELOPMENT_TEAM = 9N4Y5K8R9K;
				ENABLE_STRICT_OBJC_MSGSEND = YES;
				ENABLE_TESTABILITY = YES;
				GCC_C_LANGUAGE_STANDARD = gnu11;
				GCC_DYNAMIC_NO_PIC = NO;
				GCC_NO_COMMON_BLOCKS = YES;
				GCC_OPTIMIZATION_LEVEL = 0;
				GCC_PREPROCESSOR_DEFINITIONS = (
					"$(inherited)",
					"DEBUG=1",
				);
				GCC_WARN_64_TO_32_BIT_CONVERSION = YES;
				GCC_WARN_ABOUT_RETURN_TYPE = YES_ERROR;
				GCC_WARN_UNDECLARED_SELECTOR = YES;
				GCC_WARN_UNINITIALIZED_AUTOS = YES_AGGRESSIVE;
				GCC_WARN_UNUSED_FUNCTION = YES;
				GCC_WARN_UNUSED_VARIABLE = YES;
				IPHONEOS_DEPLOYMENT_TARGET = 26.0;
				MARKETING_VERSION = 1.0;
				MTL_ENABLE_DEBUG_INFO = INCLUDE_SOURCE;
				MTL_FAST_MATH = YES;
				ONLY_ACTIVE_ARCH = YES;
				PRODUCT_NAME = "$(TARGET_NAME)";
				SDKROOT = iphoneos;
				SWIFT_ACTIVE_COMPILATION_CONDITIONS = DEBUG;
				SWIFT_OPTIMIZATION_LEVEL = "-Onone";
				SWIFT_STRICT_CONCURRENCY = complete;
				SWIFT_VERSION = 6.0;
			};
			name = Debug;
		};
		8B17524CFAD09C0AAE1ADDFF /* Release */ = {
			isa = XCBuildConfiguration;
			buildSettings = {
				BUNDLE_LOADER = "$(TEST_HOST)";
				GENERATE_INFOPLIST_FILE = YES;
				LD_RUNPATH_SEARCH_PATHS = (
					"$(inherited)",
					"@executable_path/Frameworks",
					"@loader_path/Frameworks",
				);
				PRODUCT_BUNDLE_IDENTIFIER = com.germanndarian.frontrow.uitests;
				SDKROOT = iphoneos;
				TARGETED_DEVICE_FAMILY = "1,2";
				TEST_TARGET_NAME = Frontrow;
			};
			name = Release;
		};
		B08C0BB4B70DE50E2D91B999 /* Release */ = {
			isa = XCBuildConfiguration;
			buildSettings = {
				ASSETCATALOG_COMPILER_APPICON_NAME = AppIcon;
				ASSETCATALOG_COMPILER_GLOBAL_ACCENT_COLOR_NAME = AccentColor;
				CODE_SIGN_ENTITLEMENTS = Frontrow/Frontrow.entitlements;
				CODE_SIGN_IDENTITY = "iPhone Developer";
				GENERATE_INFOPLIST_FILE = NO;
				INFOPLIST_FILE = Frontrow/Info.plist;
				LD_RUNPATH_SEARCH_PATHS = (
					"$(inherited)",
					"@executable_path/Frameworks",
				);
				PRODUCT_BUNDLE_IDENTIFIER = com.germanndarian.frontrow;
				SDKROOT = iphoneos;
				TARGETED_DEVICE_FAMILY = 1;
			};
			name = Release;
		};
		CA4A4A9FC553760C9992510B /* Debug */ = {
			isa = XCBuildConfiguration;
			buildSettings = {
				ASSETCATALOG_COMPILER_APPICON_NAME = AppIcon;
				ASSETCATALOG_COMPILER_GLOBAL_ACCENT_COLOR_NAME = AccentColor;
				CODE_SIGN_ENTITLEMENTS = Frontrow/Frontrow.entitlements;
				CODE_SIGN_IDENTITY = "iPhone Developer";
				GENERATE_INFOPLIST_FILE = NO;
				INFOPLIST_FILE = Frontrow/Info.plist;
				LD_RUNPATH_SEARCH_PATHS = (
					"$(inherited)",
					"@executable_path/Frameworks",
				);
				PRODUCT_BUNDLE_IDENTIFIER = com.germanndarian.frontrow;
				SDKROOT = iphoneos;
				TARGETED_DEVICE_FAMILY = 1;
			};
			name = Debug;
		};
		E32C7A6B3E7041CCA81AECAE /* Debug */ = {
			isa = XCBuildConfiguration;
			buildSettings = {
				CODE_SIGN_ENTITLEMENTS = FrontrowWidgets/FrontrowWidgets.entitlements;
				GENERATE_INFOPLIST_FILE = NO;
				INFOPLIST_FILE = FrontrowWidgets/Info.plist;
				LD_RUNPATH_SEARCH_PATHS = (
					"$(inherited)",
					"@executable_path/Frameworks",
					"@executable_path/../../Frameworks",
				);
				PRODUCT_BUNDLE_IDENTIFIER = com.germanndarian.frontrow.widgets;
				SDKROOT = iphoneos;
				SKIP_INSTALL = YES;
				TARGETED_DEVICE_FAMILY = 1;
			};
			name = Debug;
		};
/* End XCBuildConfiguration section */

/* Begin XCConfigurationList section */
		28ECA87BF79723636FB66ECB /* Build configuration list for PBXNativeTarget "FrontrowWidgets" */ = {
			isa = XCConfigurationList;
			buildConfigurations = (
				E32C7A6B3E7041CCA81AECAE /* Debug */,
				19D42690242170163D0B8FF1 /* Release */,
			);
			defaultConfigurationIsVisible = 0;
			defaultConfigurationName = Debug;
		};
		2BB3A7F798A7BED14B0646D4 /* Build configuration list for PBXNativeTarget "FrontrowUITests" */ = {
			isa = XCConfigurationList;
			buildConfigurations = (
				1924F3548FA3CF76D2B40EC3 /* Debug */,
				8B17524CFAD09C0AAE1ADDFF /* Release */,
			);
			defaultConfigurationIsVisible = 0;
			defaultConfigurationName = Debug;
		};
		3BE352FCA7415FA1E913C87E /* Build configuration list for PBXNativeTarget "Frontrow" */ = {
			isa = XCConfigurationList;
			buildConfigurations = (
				CA4A4A9FC553760C9992510B /* Debug */,
				B08C0BB4B70DE50E2D91B999 /* Release */,
			);
			defaultConfigurationIsVisible = 0;
			defaultConfigurationName = Debug;
		};
		D471C2949A4A1EF2D07EA331 /* Build configuration list for PBXProject "Frontrow" */ = {
			isa = XCConfigurationList;
			buildConfigurations = (
				7C0C9191D00808BC531461A8 /* Debug */,
				33756D403D04B28BF201D80A /* Release */,
			);
			defaultConfigurationIsVisible = 0;
			defaultConfigurationName = Debug;
		};
/* End XCConfigurationList section */

/* Begin XCRemoteSwiftPackageReference section */
		2AF55E63A926CEB116F0A834 /* XCRemoteSwiftPackageReference "supabase-swift" */ = {
			isa = XCRemoteSwiftPackageReference;
			repositoryURL = "https://github.com/supabase/supabase-swift";
			requirement = {
				kind = upToNextMajorVersion;
				minimumVersion = 2.0.0;
			};
		};
/* End XCRemoteSwiftPackageReference section */

/* Begin XCSwiftPackageProductDependency section */
		1FCDE70EC97D07C3D83EC9BC /* Supabase */ = {
			isa = XCSwiftPackageProductDependency;
			package = 2AF55E63A926CEB116F0A834 /* XCRemoteSwiftPackageReference "supabase-swift" */;
			productName = Supabase;
		};
/* End XCSwiftPackageProductDependency section */
	};
	rootObject = 4944153659D091A1DBD0F34E /* Project object */;
}
